// !$*UTF8*$!
{
	archiveVersion = 1;
	classes = {
	};
	objectVersion = 46;
	objects = {

/* Begin PBXBuildFile section */
		118202AF1D9BAB0500D589B7 /* libbleconfigLibrary.a in Frameworks */ = {isa = PBXBuildFile; fileRef = 118202AE1D9BAB0500D589B7 /* libbleconfigLibrary.a */; };
		11B52A4B1D5B05C500E7B64A /* bg1.png in Resources */ = {isa = PBXBuildFile; fileRef = 11B52A461D5B05C500E7B64A /* bg1.png */; };
		11B52A4C1D5B05C500E7B64A /* bg2.png in Resources */ = {isa = PBXBuildFile; fileRef = 11B52A471D5B05C500E7B64A /* bg2.png */; };
		11B52A4E1D5B05C500E7B64A /* btn_info.png in Resources */ = {isa = PBXBuildFile; fileRef = 11B52A491D5B05C500E7B64A /* btn_info.png */; };
		11B52A4F1D5B05C500E7B64A /* logo.png in Resources */ = {isa = PBXBuildFile; fileRef = 11B52A4A1D5B05C500E7B64A /* logo.png */; };
		11B52A521D5B0FE300E7B64A /* Util.m in Sources */ = {isa = PBXBuildFile; fileRef = 11B52A511D5B0FE300E7B64A /* Util.m */; };
		11B52A561D5B107700E7B64A /* Reachability.m in Sources */ = {isa = PBXBuildFile; fileRef = 11B52A551D5B107700E7B64A /* Reachability.m */; };
		11B52A581D5B13A800E7B64A /* CFNetwork.framework in Frameworks */ = {isa = PBXBuildFile; fileRef = 11B52A571D5B13A800E7B64A /* CFNetwork.framework */; };
		11B52A5A1D5B13C200E7B64A /* SystemConfiguration.framework in Frameworks */ = {isa = PBXBuildFile; fileRef = 11B52A591D5B13C200E7B64A /* SystemConfiguration.framework */; };
		11B52A5C1D5B153200E7B64A /* NetworkExtension.framework in Frameworks */ = {isa = PBXBuildFile; fileRef = 11B52A5B1D5B153200E7B64A /* NetworkExtension.framework */; };
		11B52A611D5B4D2400E7B64A /* ClientListCell.m in Sources */ = {isa = PBXBuildFile; fileRef = 11B52A601D5B4D2400E7B64A /* ClientListCell.m */; };
		11BA399A1D5C211900E07BBE /* Default_ori.png in Resources */ = {isa = PBXBuildFile; fileRef = 11BA39921D5C211900E07BBE /* Default_ori.png */; };
		11BA399B1D5C211900E07BBE /* Default-568h@2x_ori.png in Resources */ = {isa = PBXBuildFile; fileRef = 11BA39931D5C211900E07BBE /* Default-568h@2x_ori.png */; };
		11BA399C1D5C211900E07BBE /* Default-568h@2x.png in Resources */ = {isa = PBXBuildFile; fileRef = 11BA39941D5C211900E07BBE /* Default-568h@2x.png */; };
		11BA399D1D5C211900E07BBE /* Default-Portrait@2x~ipad.png in Resources */ = {isa = PBXBuildFile; fileRef = 11BA39951D5C211900E07BBE /* Default-Portrait@2x~ipad.png */; };
		11BA399E1D5C211A00E07BBE /* Default-Portrait~ipad.png in Resources */ = {isa = PBXBuildFile; fileRef = 11BA39961D5C211900E07BBE /* Default-Portrait~ipad.png */; };
		11BA399F1D5C211A00E07BBE /* Default.png in Resources */ = {isa = PBXBuildFile; fileRef = 11BA39971D5C211900E07BBE /* Default.png */; };
		11BA39A01D5C211A00E07BBE /* Default@2x_ori.png in Resources */ = {isa = PBXBuildFile; fileRef = 11BA39981D5C211900E07BBE /* Default@2x_ori.png */; };
		11BA39A11D5C211A00E07BBE /* Default@2x.png in Resources */ = {isa = PBXBuildFile; fileRef = 11BA39991D5C211900E07BBE /* Default@2x.png */; };
		11BA39A81D5C212500E07BBE /* ic_launcher_676x1054.png in Resources */ = {isa = PBXBuildFile; fileRef = 11BA39A21D5C212500E07BBE /* ic_launcher_676x1054.png */; };
		11BA39A91D5C212500E07BBE /* icon_ori.png in Resources */ = {isa = PBXBuildFile; fileRef = 11BA39A31D5C212500E07BBE /* icon_ori.png */; };
		11BA39AA1D5C212500E07BBE /* Icon-57.png in Resources */ = {isa = PBXBuildFile; fileRef = 11BA39A41D5C212500E07BBE /* Icon-57.png */; };
		11BA39AB1D5C212500E07BBE /* Icon-72.png in Resources */ = {isa = PBXBuildFile; fileRef = 11BA39A51D5C212500E07BBE /* Icon-72.png */; };
		11BA39AC1D5C212500E07BBE /* Icon-114.png in Resources */ = {isa = PBXBuildFile; fileRef = 11BA39A61D5C212500E07BBE /* Icon-114.png */; };
		11BA39AD1D5C212500E07BBE /* Icon-144.png in Resources */ = {isa = PBXBuildFile; fileRef = 11BA39A71D5C212500E07BBE /* Icon-144.png */; };
		11BA39B91D5C295000E07BBE /* switchBackground.png in Resources */ = {isa = PBXBuildFile; fileRef = 11BA39B51D5C295000E07BBE /* switchBackground.png */; };
		11BA39BA1D5C295000E07BBE /* switchBackground@2x.png in Resources */ = {isa = PBXBuildFile; fileRef = 11BA39B61D5C295000E07BBE /* switchBackground@2x.png */; };
		11BA39BB1D5C295000E07BBE /* switchHandle.png in Resources */ = {isa = PBXBuildFile; fileRef = 11BA39B71D5C295000E07BBE /* switchHandle.png */; };
		11BA39BC1D5C295000E07BBE /* switchHandle@2x.png in Resources */ = {isa = PBXBuildFile; fileRef = 11BA39B81D5C295000E07BBE /* switchHandle@2x.png */; };
		11CE40931D5B58C1004BEDB6 /* ic_dialog_icon.png in Resources */ = {isa = PBXBuildFile; fileRef = 11CE40921D5B58C1004BEDB6 /* ic_dialog_icon.png */; };
		11D7659D1D937CA200DBAD54 /* encrypt_lock.png in Resources */ = {isa = PBXBuildFile; fileRef = 11D765971D937CA200DBAD54 /* encrypt_lock.png */; };
		11D7659E1D937CA200DBAD54 /* encrypt_open.png in Resources */ = {isa = PBXBuildFile; fileRef = 11D765981D937CA200DBAD54 /* encrypt_open.png */; };
		11D7659F1D937CA200DBAD54 /* strength_grade1.png in Resources */ = {isa = PBXBuildFile; fileRef = 11D765991D937CA200DBAD54 /* strength_grade1.png */; };
		11D765A01D937CA200DBAD54 /* strength_grade2.png in Resources */ = {isa = PBXBuildFile; fileRef = 11D7659A1D937CA200DBAD54 /* strength_grade2.png */; };
		11D765A11D937CA200DBAD54 /* strength_grade3.png in Resources */ = {isa = PBXBuildFile; fileRef = 11D7659B1D937CA200DBAD54 /* strength_grade3.png */; };
		11D765A21D937CA200DBAD54 /* strength_grade4.png in Resources */ = {isa = PBXBuildFile; fileRef = 11D7659C1D937CA200DBAD54 /* strength_grade4.png */; };
		11D765D21D93F8FF00DBAD54 /* connectted.png in Resources */ = {isa = PBXBuildFile; fileRef = 11D765D01D93F8FF00DBAD54 /* connectted.png */; };
		11D765D31D93F8FF00DBAD54 /* disconnect.png in Resources */ = {isa = PBXBuildFile; fileRef = 11D765D11D93F8FF00DBAD54 /* disconnect.png */; };
		11D765D51D98C59300DBAD54 /* btn_ss.png in Resources */ = {isa = PBXBuildFile; fileRef = 11D765D41D98C59300DBAD54 /* btn_ss.png */; };
		11D765D71D98C83D00DBAD54 /* btn_ss_off.png in Resources */ = {isa = PBXBuildFile; fileRef = 11D765D61D98C83D00DBAD54 /* btn_ss_off.png */; };
		B92B559015E4621C0036A8A2 /* CoreBluetooth.framework in Frameworks */ = {isa = PBXBuildFile; fileRef = B92B558F15E4621C0036A8A2 /* CoreBluetooth.framework */; };
		B9F9161A15D5806400B3B398 /* UIKit.framework in Frameworks */ = {isa = PBXBuildFile; fileRef = B9F9161915D5806400B3B398 /* UIKit.framework */; };
		B9F9161C15D5806400B3B398 /* Foundation.framework in Frameworks */ = {isa = PBXBuildFile; fileRef = B9F9161B15D5806400B3B398 /* Foundation.framework */; };
		B9F9161E15D5806400B3B398 /* CoreGraphics.framework in Frameworks */ = {isa = PBXBuildFile; fileRef = B9F9161D15D5806400B3B398 /* CoreGraphics.framework */; };
		B9F9162415D5806400B3B398 /* InfoPlist.strings in Resources */ = {isa = PBXBuildFile; fileRef = B9F9162215D5806400B3B398 /* InfoPlist.strings */; };
		B9F9162615D5806400B3B398 /* main.m in Sources */ = {isa = PBXBuildFile; fileRef = B9F9162515D5806400B3B398 /* main.m */; };
		B9F9162A15D5806400B3B398 /* AppDelegate.m in Sources */ = {isa = PBXBuildFile; fileRef = B9F9162915D5806400B3B398 /* AppDelegate.m */; };
		B9F9163915D5806500B3B398 /* ViewController.m in Sources */ = {isa = PBXBuildFile; fileRef = B9F9163815D5806500B3B398 /* ViewController.m */; };
		F813B4E521884BEB0052BC51 /* ameba.png in Resources */ = {isa = PBXBuildFile; fileRef = F813B4E421884BEB0052BC51 /* ameba.png */; };
		F813B4E821887F540052BC51 /* QuartzCore.framework in Frameworks */ = {isa = PBXBuildFile; fileRef = F813B4E721887F540052BC51 /* QuartzCore.framework */; };
		F813B4EA21887F8F0052BC51 /* CoreImage.framework in Frameworks */ = {isa = PBXBuildFile; fileRef = F813B4E921887F8F0052BC51 /* CoreImage.framework */; };
		F813B4EC219C5A0C0052BC51 /* btn_adddevice_click.png in Resources */ = {isa = PBXBuildFile; fileRef = F813B4EB219C5A0C0052BC51 /* btn_adddevice_click.png */; };
		F813B4EE219C5B590052BC51 /* btn_adddevice.png in Resources */ = {isa = PBXBuildFile; fileRef = F813B4ED219C5B590052BC51 /* btn_adddevice.png */; };
		F8B0E56521F5F9800001FA29 /* keyboard-right-arrow-button.png in Resources */ = {isa = PBXBuildFile; fileRef = F8B0E56421F5F9800001FA29 /* keyboard-right-arrow-button.png */; };
		F8B7F4E421B8C5DF003E53EE /* MainStoryboard_iPhone.storyboard in Resources */ = {isa = PBXBuildFile; fileRef = F8B7F4E221B8C5DE003E53EE /* MainStoryboard_iPhone.storyboard */; };
		F8CAD03621B8CEAE0093ADD0 /* MainStoryboard_iPad.storyboard in Resources */ = {isa = PBXBuildFile; fileRef = F8CAD03421B8CEAE0093ADD0 /* MainStoryboard_iPad.storyboard */; };
		F8EC66BE21E8502400CC3ACE /* ModalDialogViewController.m in Sources */ = {isa = PBXBuildFile; fileRef = F8EC66BD21E8502400CC3ACE /* ModalDialogViewController.m */; };
/* End PBXBuildFile section */

/* Begin PBXFileReference section */
		118202AD1D9BAB0500D589B7 /* bleconfigLibrary.h */ = {isa = PBXFileReference; fileEncoding = 4; lastKnownFileType = sourcecode.c.h; name = bleconfigLibrary.h; path = include/bleconfigLibrary.h; sourceTree = "<group>"; };
		118202AE1D9BAB0500D589B7 /* libbleconfigLibrary.a */ = {isa = PBXFileReference; lastKnownFileType = archive.ar; name = libbleconfigLibrary.a; path = include/libbleconfigLibrary.a; sourceTree = "<group>"; };
		11B52A461D5B05C500E7B64A /* bg1.png */ = {isa = PBXFileReference; lastKnownFileType = image.png; name = bg1.png; path = img/bg1.png; sourceTree = "<group>"; };
		11B52A471D5B05C500E7B64A /* bg2.png */ = {isa = PBXFileReference; lastKnownFileType = image.png; name = bg2.png; path = img/bg2.png; sourceTree = "<group>"; };
		11B52A491D5B05C500E7B64A /* btn_info.png */ = {isa = PBXFileReference; lastKnownFileType = image.png; name = btn_info.png; path = img/btn_info.png; sourceTree = "<group>"; };
		11B52A4A1D5B05C500E7B64A /* logo.png */ = {isa = PBXFileReference; lastKnownFileType = image.png; name = logo.png; path = img/logo.png; sourceTree = "<group>"; };
		11B52A511D5B0FE300E7B64A /* Util.m */ = {isa = PBXFileReference; fileEncoding = 4; lastKnownFileType = sourcecode.c.objc; path = Util.m; sourceTree = "<group>"; };
		11B52A531D5B102500E7B64A /* Util.h */ = {isa = PBXFileReference; lastKnownFileType = sourcecode.c.h; path = Util.h; sourceTree = "<group>"; };
		11B52A541D5B107700E7B64A /* Reachability.h */ = {isa = PBXFileReference; fileEncoding = 4; lastKnownFileType = sourcecode.c.h; path = Reachability.h; sourceTree = "<group>"; };
		11B52A551D5B107700E7B64A /* Reachability.m */ = {isa = PBXFileReference; fileEncoding = 4; lastKnownFileType = sourcecode.c.objc; path = Reachability.m; sourceTree = "<group>"; };
		11B52A571D5B13A800E7B64A /* CFNetwork.framework */ = {isa = PBXFileReference; lastKnownFileType = wrapper.framework; name = CFNetwork.framework; path = System/Library/Frameworks/CFNetwork.framework; sourceTree = SDKROOT; };
		11B52A591D5B13C200E7B64A /* SystemConfiguration.framework */ = {isa = PBXFileReference; lastKnownFileType = wrapper.framework; name = SystemConfiguration.framework; path = System/Library/Frameworks/SystemConfiguration.framework; sourceTree = SDKROOT; };
		11B52A5B1D5B153200E7B64A /* NetworkExtension.framework */ = {isa = PBXFileReference; lastKnownFileType = wrapper.framework; name = NetworkExtension.framework; path = System/Library/Frameworks/NetworkExtension.framework; sourceTree = SDKROOT; };
		11B52A5F1D5B4D2400E7B64A /* ClientListCell.h */ = {isa = PBXFileReference; fileEncoding = 4; lastKnownFileType = sourcecode.c.h; path = ClientListCell.h; sourceTree = "<group>"; };
		11B52A601D5B4D2400E7B64A /* ClientListCell.m */ = {isa = PBXFileReference; fileEncoding = 4; lastKnownFileType = sourcecode.c.objc; path = ClientListCell.m; sourceTree = "<group>"; };
		11BA39921D5C211900E07BBE /* Default_ori.png */ = {isa = PBXFileReference; lastKnownFileType = image.png; name = Default_ori.png; path = img/Default_ori.png; sourceTree = "<group>"; };
		11BA39931D5C211900E07BBE /* Default-568h@2x_ori.png */ = {isa = PBXFileReference; lastKnownFileType = image.png; name = "Default-568h@2x_ori.png"; path = "img/Default-568h@2x_ori.png"; sourceTree = "<group>"; };
		11BA39941D5C211900E07BBE /* Default-568h@2x.png */ = {isa = PBXFileReference; lastKnownFileType = image.png; name = "Default-568h@2x.png"; path = "img/Default-568h@2x.png"; sourceTree = "<group>"; };
		11BA39951D5C211900E07BBE /* Default-Portrait@2x~ipad.png */ = {isa = PBXFileReference; lastKnownFileType = image.png; name = "Default-Portrait@2x~ipad.png"; path = "img/Default-Portrait@2x~ipad.png"; sourceTree = "<group>"; };
		11BA39961D5C211900E07BBE /* Default-Portrait~ipad.png */ = {isa = PBXFileReference; lastKnownFileType = image.png; name = "Default-Portrait~ipad.png"; path = "img/Default-Portrait~ipad.png"; sourceTree = "<group>"; };
		11BA39971D5C211900E07BBE /* Default.png */ = {isa = PBXFileReference; lastKnownFileType = image.png; name = Default.png; path = img/Default.png; sourceTree = "<group>"; };
		11BA39981D5C211900E07BBE /* Default@2x_ori.png */ = {isa = PBXFileReference; lastKnownFileType = image.png; name = "Default@2x_ori.png"; path = "img/Default@2x_ori.png"; sourceTree = "<group>"; };
		11BA39991D5C211900E07BBE /* Default@2x.png */ = {isa = PBXFileReference; lastKnownFileType = image.png; name = "Default@2x.png"; path = "img/Default@2x.png"; sourceTree = "<group>"; };
		11BA39A21D5C212500E07BBE /* ic_launcher_676x1054.png */ = {isa = PBXFileReference; lastKnownFileType = image.png; name = ic_launcher_676x1054.png; path = img/ic_launcher_676x1054.png; sourceTree = "<group>"; };
		11BA39A31D5C212500E07BBE /* icon_ori.png */ = {isa = PBXFileReference; lastKnownFileType = image.png; name = icon_ori.png; path = img/icon_ori.png; sourceTree = "<group>"; };
		11BA39A41D5C212500E07BBE /* Icon-57.png */ = {isa = PBXFileReference; lastKnownFileType = image.png; name = "Icon-57.png"; path = "img/Icon-57.png"; sourceTree = "<group>"; };
		11BA39A51D5C212500E07BBE /* Icon-72.png */ = {isa = PBXFileReference; lastKnownFileType = image.png; name = "Icon-72.png"; path = "img/Icon-72.png"; sourceTree = "<group>"; };
		11BA39A61D5C212500E07BBE /* Icon-114.png */ = {isa = PBXFileReference; lastKnownFileType = image.png; name = "Icon-114.png"; path = "img/Icon-114.png"; sourceTree = "<group>"; };
		11BA39A71D5C212500E07BBE /* Icon-144.png */ = {isa = PBXFileReference; lastKnownFileType = image.png; name = "Icon-144.png"; path = "img/Icon-144.png"; sourceTree = "<group>"; };
		11BA39B51D5C295000E07BBE /* switchBackground.png */ = {isa = PBXFileReference; lastKnownFileType = image.png; name = switchBackground.png; path = img/switchBackground.png; sourceTree = "<group>"; };
		11BA39B61D5C295000E07BBE /* switchBackground@2x.png */ = {isa = PBXFileReference; lastKnownFileType = image.png; name = "switchBackground@2x.png"; path = "img/switchBackground@2x.png"; sourceTree = "<group>"; };
		11BA39B71D5C295000E07BBE /* switchHandle.png */ = {isa = PBXFileReference; lastKnownFileType = image.png; name = switchHandle.png; path = img/switchHandle.png; sourceTree = "<group>"; };
		11BA39B81D5C295000E07BBE /* switchHandle@2x.png */ = {isa = PBXFileReference; lastKnownFileType = image.png; name = "switchHandle@2x.png"; path = "img/switchHandle@2x.png"; sourceTree = "<group>"; };
		11CE40921D5B58C1004BEDB6 /* ic_dialog_icon.png */ = {isa = PBXFileReference; lastKnownFileType = image.png; name = ic_dialog_icon.png; path = img/ic_dialog_icon.png; sourceTree = "<group>"; };
		11D765971D937CA200DBAD54 /* encrypt_lock.png */ = {isa = PBXFileReference; lastKnownFileType = image.png; name = encrypt_lock.png; path = img/encrypt_lock.png; sourceTree = "<group>"; };
		11D765981D937CA200DBAD54 /* encrypt_open.png */ = {isa = PBXFileReference; lastKnownFileType = image.png; name = encrypt_open.png; path = img/encrypt_open.png; sourceTree = "<group>"; };
		11D765991D937CA200DBAD54 /* strength_grade1.png */ = {isa = PBXFileReference; lastKnownFileType = image.png; name = strength_grade1.png; path = img/strength_grade1.png; sourceTree = "<group>"; };
		11D7659A1D937CA200DBAD54 /* strength_grade2.png */ = {isa = PBXFileReference; lastKnownFileType = image.png; name = strength_grade2.png; path = img/strength_grade2.png; sourceTree = "<group>"; };
		11D7659B1D937CA200DBAD54 /* strength_grade3.png */ = {isa = PBXFileReference; lastKnownFileType = image.png; name = strength_grade3.png; path = img/strength_grade3.png; sourceTree = "<group>"; };
		11D7659C1D937CA200DBAD54 /* strength_grade4.png */ = {isa = PBXFileReference; lastKnownFileType = image.png; name = strength_grade4.png; path = img/strength_grade4.png; sourceTree = "<group>"; };
		11D765D01D93F8FF00DBAD54 /* connectted.png */ = {isa = PBXFileReference; lastKnownFileType = image.png; name = connectted.png; path = img/connectted.png; sourceTree = "<group>"; };
		11D765D11D93F8FF00DBAD54 /* disconnect.png */ = {isa = PBXFileReference; lastKnownFileType = image.png; name = disconnect.png; path = img/disconnect.png; sourceTree = "<group>"; };
		11D765D41D98C59300DBAD54 /* btn_ss.png */ = {isa = PBXFileReference; lastKnownFileType = image.png; name = btn_ss.png; path = img/btn_ss.png; sourceTree = "<group>"; };
		11D765D61D98C83D00DBAD54 /* btn_ss_off.png */ = {isa = PBXFileReference; lastKnownFileType = image.png; name = btn_ss_off.png; path = img/btn_ss_off.png; sourceTree = "<group>"; };
		B92B558F15E4621C0036A8A2 /* CoreBluetooth.framework */ = {isa = PBXFileReference; lastKnownFileType = wrapper.framework; name = CoreBluetooth.framework; path = System/Library/Frameworks/CoreBluetooth.framework; sourceTree = SDKROOT; };
		B9F9161515D5806400B3B398 /* MyConfig.app */ = {isa = PBXFileReference; explicitFileType = wrapper.application; includeInIndex = 0; path = MyConfig.app; sourceTree = BUILT_PRODUCTS_DIR; };
		B9F9161915D5806400B3B398 /* UIKit.framework */ = {isa = PBXFileReference; lastKnownFileType = wrapper.framework; name = UIKit.framework; path = System/Library/Frameworks/UIKit.framework; sourceTree = SDKROOT; };
		B9F9161B15D5806400B3B398 /* Foundation.framework */ = {isa = PBXFileReference; lastKnownFileType = wrapper.framework; name = Foundation.framework; path = System/Library/Frameworks/Foundation.framework; sourceTree = SDKROOT; };
		B9F9161D15D5806400B3B398 /* CoreGraphics.framework */ = {isa = PBXFileReference; lastKnownFileType = wrapper.framework; name = CoreGraphics.framework; path = System/Library/Frameworks/CoreGraphics.framework; sourceTree = SDKROOT; };
		B9F9162115D5806400B3B398 /* MyConfig-Info.plist */ = {isa = PBXFileReference; lastKnownFileType = text.plist.xml; path = "MyConfig-Info.plist"; sourceTree = "<group>"; };
		B9F9162315D5806400B3B398 /* en */ = {isa = PBXFileReference; lastKnownFileType = text.plist.strings; name = en; path = en.lproj/InfoPlist.strings; sourceTree = "<group>"; };
		B9F9162515D5806400B3B398 /* main.m */ = {isa = PBXFileReference; lastKnownFileType = sourcecode.c.objc; path = main.m; sourceTree = "<group>"; };
		B9F9162715D5806400B3B398 /* MyConfig-Prefix.pch */ = {isa = PBXFileReference; lastKnownFileType = sourcecode.c.h; path = "MyConfig-Prefix.pch"; sourceTree = "<group>"; };
		B9F9162815D5806400B3B398 /* AppDelegate.h */ = {isa = PBXFileReference; lastKnownFileType = sourcecode.c.h; path = AppDelegate.h; sourceTree = "<group>"; };
		B9F9162915D5806400B3B398 /* AppDelegate.m */ = {isa = PBXFileReference; lastKnownFileType = sourcecode.c.objc; path = AppDelegate.m; sourceTree = "<group>"; };
		B9F9163715D5806500B3B398 /* ViewController.h */ = {isa = PBXFileReference; lastKnownFileType = sourcecode.c.h; path = ViewController.h; sourceTree = "<group>"; };
		B9F9163815D5806500B3B398 /* ViewController.m */ = {isa = PBXFileReference; lastKnownFileType = sourcecode.c.objc; path = ViewController.m; sourceTree = "<group>"; };
		B9F9164715D583E500B3B398 /* TransferService.h */ = {isa = PBXFileReference; lastKnownFileType = sourcecode.c.h; path = TransferService.h; sourceTree = "<group>"; };
		F813B4E421884BEB0052BC51 /* ameba.png */ = {isa = PBXFileReference; lastKnownFileType = image.png; name = ameba.png; path = img/ameba.png; sourceTree = "<group>"; };
		F813B4E721887F540052BC51 /* QuartzCore.framework */ = {isa = PBXFileReference; lastKnownFileType = wrapper.framework; name = QuartzCore.framework; path = System/Library/Frameworks/QuartzCore.framework; sourceTree = SDKROOT; };
		F813B4E921887F8F0052BC51 /* CoreImage.framework */ = {isa = PBXFileReference; lastKnownFileType = wrapper.framework; name = CoreImage.framework; path = System/Library/Frameworks/CoreImage.framework; sourceTree = SDKROOT; };
		F813B4EB219C5A0C0052BC51 /* btn_adddevice_click.png */ = {isa = PBXFileReference; lastKnownFileType = image.png; name = btn_adddevice_click.png; path = img/btn_adddevice_click.png; sourceTree = "<group>"; };
		F813B4ED219C5B590052BC51 /* btn_adddevice.png */ = {isa = PBXFileReference; lastKnownFileType = image.png; name = btn_adddevice.png; path = img/btn_adddevice.png; sourceTree = "<group>"; };
		F8B0E56421F5F9800001FA29 /* keyboard-right-arrow-button.png */ = {isa = PBXFileReference; lastKnownFileType = image.png; name = "keyboard-right-arrow-button.png"; path = "img/keyboard-right-arrow-button.png"; sourceTree = "<group>"; };
		F8B7F4E321B8C5DE003E53EE /* en */ = {isa = PBXFileReference; lastKnownFileType = file.storyboard; name = en; path = en.lproj/MainStoryboard_iPhone.storyboard; sourceTree = "<group>"; };
		F8CAD03521B8CEAE0093ADD0 /* en */ = {isa = PBXFileReference; lastKnownFileType = file.storyboard; name = en; path = en.lproj/MainStoryboard_iPad.storyboard; sourceTree = "<group>"; };
		F8EC66BC21E8502400CC3ACE /* ModalDialogViewController.h */ = {isa = PBXFileReference; lastKnownFileType = sourcecode.c.h; path = ModalDialogViewController.h; sourceTree = "<group>"; };
		F8EC66BD21E8502400CC3ACE /* ModalDialogViewController.m */ = {isa = PBXFileReference; lastKnownFileType = sourcecode.c.objc; path = ModalDialogViewController.m; sourceTree = "<group>"; };
/* End PBXFileReference section */

/* Begin PBXFrameworksBuildPhase section */
		B9F9161215D5806400B3B398 /* Frameworks */ = {
			isa = PBXFrameworksBuildPhase;
			buildActionMask = 2147483647;
			files = (
				F813B4EA21887F8F0052BC51 /* CoreImage.framework in Frameworks */,
				F813B4E821887F540052BC51 /* QuartzCore.framework in Frameworks */,
				11B52A5C1D5B153200E7B64A /* NetworkExtension.framework in Frameworks */,
				118202AF1D9BAB0500D589B7 /* libbleconfigLibrary.a in Frameworks */,
				11B52A581D5B13A800E7B64A /* CFNetwork.framework in Frameworks */,
				11B52A5A1D5B13C200E7B64A /* SystemConfiguration.framework in Frameworks */,
				B92B559015E4621C0036A8A2 /* CoreBluetooth.framework in Frameworks */,
				B9F9161A15D5806400B3B398 /* UIKit.framework in Frameworks */,
				B9F9161C15D5806400B3B398 /* Foundation.framework in Frameworks */,
				B9F9161E15D5806400B3B398 /* CoreGraphics.framework in Frameworks */,
			);
			runOnlyForDeploymentPostprocessing = 0;
		};
/* End PBXFrameworksBuildPhase section */

/* Begin PBXGroup section */
		118202AC1D9BAAC200D589B7 /* include */ = {
			isa = PBXGroup;
			children = (
				118202AD1D9BAB0500D589B7 /* bleconfigLibrary.h */,
				118202AE1D9BAB0500D589B7 /* libbleconfigLibrary.a */,
			);
			name = include;
			sourceTree = "<group>";
		};
		11B52A451D5B058500E7B64A /* img */ = {
			isa = PBXGroup;
			children = (
				F8B0E56421F5F9800001FA29 /* keyboard-right-arrow-button.png */,
				F813B4ED219C5B590052BC51 /* btn_adddevice.png */,
				F813B4EB219C5A0C0052BC51 /* btn_adddevice_click.png */,
				F813B4E421884BEB0052BC51 /* ameba.png */,
				11D765D61D98C83D00DBAD54 /* btn_ss_off.png */,
				11D765D41D98C59300DBAD54 /* btn_ss.png */,
				11D765D01D93F8FF00DBAD54 /* connectted.png */,
				11D765D11D93F8FF00DBAD54 /* disconnect.png */,
				11D765971D937CA200DBAD54 /* encrypt_lock.png */,
				11D765981D937CA200DBAD54 /* encrypt_open.png */,
				11D765991D937CA200DBAD54 /* strength_grade1.png */,
				11D7659A1D937CA200DBAD54 /* strength_grade2.png */,
				11D7659B1D937CA200DBAD54 /* strength_grade3.png */,
				11D7659C1D937CA200DBAD54 /* strength_grade4.png */,
				11BA39B51D5C295000E07BBE /* switchBackground.png */,
				11BA39B61D5C295000E07BBE /* switchBackground@2x.png */,
				11BA39B71D5C295000E07BBE /* switchHandle.png */,
				11BA39B81D5C295000E07BBE /* switchHandle@2x.png */,
				11BA39A21D5C212500E07BBE /* ic_launcher_676x1054.png */,
				11BA39A31D5C212500E07BBE /* icon_ori.png */,
				11BA39A41D5C212500E07BBE /* Icon-57.png */,
				11BA39A51D5C212500E07BBE /* Icon-72.png */,
				11BA39A61D5C212500E07BBE /* Icon-114.png */,
				11BA39A71D5C212500E07BBE /* Icon-144.png */,
				11BA39921D5C211900E07BBE /* Default_ori.png */,
				11BA39931D5C211900E07BBE /* Default-568h@2x_ori.png */,
				11BA39941D5C211900E07BBE /* Default-568h@2x.png */,
				11BA39951D5C211900E07BBE /* Default-Portrait@2x~ipad.png */,
				11BA39961D5C211900E07BBE /* Default-Portrait~ipad.png */,
				11BA39971D5C211900E07BBE /* Default.png */,
				11BA39981D5C211900E07BBE /* Default@2x_ori.png */,
				11BA39991D5C211900E07BBE /* Default@2x.png */,
				11CE40921D5B58C1004BEDB6 /* ic_dialog_icon.png */,
				11B52A461D5B05C500E7B64A /* bg1.png */,
				11B52A471D5B05C500E7B64A /* bg2.png */,
				11B52A491D5B05C500E7B64A /* btn_info.png */,
				11B52A4A1D5B05C500E7B64A /* logo.png */,
			);
			name = img;
			sourceTree = "<group>";
		};
		B9F9160A15D5806400B3B398 = {
			isa = PBXGroup;
			children = (
				B9F9161F15D5806400B3B398 /* BTLE_Transfer */,
				B9F9161815D5806400B3B398 /* Frameworks */,
				B9F9161615D5806400B3B398 /* Products */,
			);
			sourceTree = "<group>";
		};
		B9F9161615D5806400B3B398 /* Products */ = {
			isa = PBXGroup;
			children = (
				B9F9161515D5806400B3B398 /* MyConfig.app */,
			);
			name = Products;
			sourceTree = "<group>";
		};
		B9F9161815D5806400B3B398 /* Frameworks */ = {
			isa = PBXGroup;
			children = (
				F813B4E921887F8F0052BC51 /* CoreImage.framework */,
				F813B4E721887F540052BC51 /* QuartzCore.framework */,
				11B52A5B1D5B153200E7B64A /* NetworkExtension.framework */,
				11B52A591D5B13C200E7B64A /* SystemConfiguration.framework */,
				11B52A571D5B13A800E7B64A /* CFNetwork.framework */,
				B92B558F15E4621C0036A8A2 /* CoreBluetooth.framework */,
				B9F9161915D5806400B3B398 /* UIKit.framework */,
				B9F9161B15D5806400B3B398 /* Foundation.framework */,
				B9F9161D15D5806400B3B398 /* CoreGraphics.framework */,
			);
			name = Frameworks;
			sourceTree = "<group>";
		};
		B9F9161F15D5806400B3B398 /* BTLE_Transfer */ = {
			isa = PBXGroup;
			children = (
				118202AC1D9BAAC200D589B7 /* include */,
				11B52A451D5B058500E7B64A /* img */,
				B9F9162815D5806400B3B398 /* AppDelegate.h */,
				B9F9162915D5806400B3B398 /* AppDelegate.m */,
				F8B7F4E221B8C5DE003E53EE /* MainStoryboard_iPhone.storyboard */,
				F8CAD03421B8CEAE0093ADD0 /* MainStoryboard_iPad.storyboard */,
				B9F9163715D5806500B3B398 /* ViewController.h */,
				B9F9163815D5806500B3B398 /* ViewController.m */,
				B9F9164715D583E500B3B398 /* TransferService.h */,
				B9F9162015D5806400B3B398 /* Supporting Files */,
				11B52A511D5B0FE300E7B64A /* Util.m */,
				11B52A531D5B102500E7B64A /* Util.h */,
				11B52A541D5B107700E7B64A /* Reachability.h */,
				11B52A551D5B107700E7B64A /* Reachability.m */,
				11B52A5F1D5B4D2400E7B64A /* ClientListCell.h */,
				11B52A601D5B4D2400E7B64A /* ClientListCell.m */,
				F8EC66BC21E8502400CC3ACE /* ModalDialogViewController.h */,
				F8EC66BD21E8502400CC3ACE /* ModalDialogViewController.m */,
			);
			name = BTLE_Transfer;
			path = "BTLE Transfer";
			sourceTree = "<group>";
		};
		B9F9162015D5806400B3B398 /* Supporting Files */ = {
			isa = PBXGroup;
			children = (
				B9F9162115D5806400B3B398 /* MyConfig-Info.plist */,
				B9F9162215D5806400B3B398 /* InfoPlist.strings */,
				B9F9162515D5806400B3B398 /* main.m */,
				B9F9162715D5806400B3B398 /* MyConfig-Prefix.pch */,
			);
			name = "Supporting Files";
			sourceTree = "<group>";
		};
/* End PBXGroup section */

/* Begin PBXNativeTarget section */
		B9F9161415D5806400B3B398 /* MyConfig */ = {
			isa = PBXNativeTarget;
			buildConfigurationList = B9F9163C15D5806500B3B398 /* Build configuration list for PBXNativeTarget "MyConfig" */;
			buildPhases = (
				B9F9161115D5806400B3B398 /* Sources */,
				B9F9161215D5806400B3B398 /* Frameworks */,
				B9F9161315D5806400B3B398 /* Resources */,
			);
			buildRules = (
			);
			dependencies = (
			);
			name = MyConfig;
			productName = "LE Transfer";
			productReference = B9F9161515D5806400B3B398 /* MyConfig.app */;
			productType = "com.apple.product-type.application";
		};
/* End PBXNativeTarget section */

/* Begin PBXProject section */
		B9F9160C15D5806400B3B398 /* Project object */ = {
			isa = PBXProject;
			attributes = {
				LastUpgradeCheck = 0930;
				ORGANIZATIONNAME = Apple;
				TargetAttributes = {
					B9F9161415D5806400B3B398 = {
						DevelopmentTeam = TRX2TKW265;
					};
				};
			};
			buildConfigurationList = B9F9160F15D5806400B3B398 /* Build configuration list for PBXProject "MyConfig" */;
			compatibilityVersion = "Xcode 3.2";
			developmentRegion = English;
			hasScannedForEncodings = 0;
			knownRegions = (
				en,
			);
			mainGroup = B9F9160A15D5806400B3B398;
			productRefGroup = B9F9161615D5806400B3B398 /* Products */;
			projectDirPath = "";
			projectRoot = "";
			targets = (
				B9F9161415D5806400B3B398 /* MyConfig */,
			);
		};
/* End PBXProject section */

/* Begin PBXResourcesBuildPhase section */
		B9F9161315D5806400B3B398 /* Resources */ = {
			isa = PBXResourcesBuildPhase;
			buildActionMask = 2147483647;
			files = (
				F8CAD03621B8CEAE0093ADD0 /* MainStoryboard_iPad.storyboard in Resources */,
				11BA39AA1D5C212500E07BBE /* Icon-57.png in Resources */,
				11BA39BC1D5C295000E07BBE /* switchHandle@2x.png in Resources */,
				11BA39B91D5C295000E07BBE /* switchBackground.png in Resources */,
				11BA39AC1D5C212500E07BBE /* Icon-114.png in Resources */,
				11D765D31D93F8FF00DBAD54 /* disconnect.png in Resources */,
				11D7659D1D937CA200DBAD54 /* encrypt_lock.png in Resources */,
				B9F9162415D5806400B3B398 /* InfoPlist.strings in Resources */,
				11BA399A1D5C211900E07BBE /* Default_ori.png in Resources */,
				11BA399E1D5C211A00E07BBE /* Default-Portrait~ipad.png in Resources */,
				11D765A01D937CA200DBAD54 /* strength_grade2.png in Resources */,
				F813B4EE219C5B590052BC51 /* btn_adddevice.png in Resources */,
				11D765A11D937CA200DBAD54 /* strength_grade3.png in Resources */,
				11BA39AB1D5C212500E07BBE /* Icon-72.png in Resources */,
				11BA399F1D5C211A00E07BBE /* Default.png in Resources */,
				F8B0E56521F5F9800001FA29 /* keyboard-right-arrow-button.png in Resources */,
				11B52A4E1D5B05C500E7B64A /* btn_info.png in Resources */,
				11D7659F1D937CA200DBAD54 /* strength_grade1.png in Resources */,
				F813B4E521884BEB0052BC51 /* ameba.png in Resources */,
				11BA399C1D5C211900E07BBE /* Default-568h@2x.png in Resources */,
				11BA39A81D5C212500E07BBE /* ic_launcher_676x1054.png in Resources */,
				11BA39BB1D5C295000E07BBE /* switchHandle.png in Resources */,
				11BA399D1D5C211900E07BBE /* Default-Portrait@2x~ipad.png in Resources */,
				F8B7F4E421B8C5DF003E53EE /* MainStoryboard_iPhone.storyboard in Resources */,
				11D765D21D93F8FF00DBAD54 /* connectted.png in Resources */,
				11BA39A11D5C211A00E07BBE /* Default@2x.png in Resources */,
				11D765A21D937CA200DBAD54 /* strength_grade4.png in Resources */,
				11B52A4B1D5B05C500E7B64A /* bg1.png in Resources */,
				11CE40931D5B58C1004BEDB6 /* ic_dialog_icon.png in Resources */,
				11D765D51D98C59300DBAD54 /* btn_ss.png in Resources */,
				11BA39BA1D5C295000E07BBE /* switchBackground@2x.png in Resources */,
				11B52A4C1D5B05C500E7B64A /* bg2.png in Resources */,
				11B52A4F1D5B05C500E7B64A /* logo.png in Resources */,
				11BA39A01D5C211A00E07BBE /* Default@2x_ori.png in Resources */,
				11BA39A91D5C212500E07BBE /* icon_ori.png in Resources */,
				11BA39AD1D5C212500E07BBE /* Icon-144.png in Resources */,
				F813B4EC219C5A0C0052BC51 /* btn_adddevice_click.png in Resources */,
				11D7659E1D937CA200DBAD54 /* encrypt_open.png in Resources */,
				11D765D71D98C83D00DBAD54 /* btn_ss_off.png in Resources */,
				11BA399B1D5C211900E07BBE /* Default-568h@2x_ori.png in Resources */,
			);
			runOnlyForDeploymentPostprocessing = 0;
		};
/* End PBXResourcesBuildPhase section */

/* Begin PBXSourcesBuildPhase section */
		B9F9161115D5806400B3B398 /* Sources */ = {
			isa = PBXSourcesBuildPhase;
			buildActionMask = 2147483647;
			files = (
				F8EC66BE21E8502400CC3ACE /* ModalDialogViewController.m in Sources */,
				11B52A521D5B0FE300E7B64A /* Util.m in Sources */,
				B9F9162615D5806400B3B398 /* main.m in Sources */,
				11B52A611D5B4D2400E7B64A /* ClientListCell.m in Sources */,
				B9F9162A15D5806400B3B398 /* AppDelegate.m in Sources */,
				B9F9163915D5806500B3B398 /* ViewController.m in Sources */,
				11B52A561D5B107700E7B64A /* Reachability.m in Sources */,
			);
			runOnlyForDeploymentPostprocessing = 0;
		};
/* End PBXSourcesBuildPhase section */

/* Begin PBXVariantGroup section */
		B9F9162215D5806400B3B398 /* InfoPlist.strings */ = {
			isa = PBXVariantGroup;
			children = (
				B9F9162315D5806400B3B398 /* en */,
			);
			name = InfoPlist.strings;
			sourceTree = "<group>";
		};
		F8B7F4E221B8C5DE003E53EE /* MainStoryboard_iPhone.storyboard */ = {
			isa = PBXVariantGroup;
			children = (
				F8B7F4E321B8C5DE003E53EE /* en */,
			);
			name = MainStoryboard_iPhone.storyboard;
			sourceTree = "<group>";
		};
		F8CAD03421B8CEAE0093ADD0 /* MainStoryboard_iPad.storyboard */ = {
			isa = PBXVariantGroup;
			children = (
				F8CAD03521B8CEAE0093ADD0 /* en */,
			);
			name = MainStoryboard_iPad.storyboard;
			sourceTree = "<group>";
		};
/* End PBXVariantGroup section */

/* Begin XCBuildConfiguration section */
		B9F9163A15D5806500B3B398 /* Debug */ = {
			isa = XCBuildConfiguration;
			buildSettings = {
				ALWAYS_SEARCH_USER_PATHS = NO;
				CLANG_CXX_LANGUAGE_STANDARD = "gnu++0x";
				CLANG_CXX_LIBRARY = "libc++";
				CLANG_WARN_BLOCK_CAPTURE_AUTORELEASING = YES;
				CLANG_WARN_BOOL_CONVERSION = YES;
				CLANG_WARN_COMMA = YES;
				CLANG_WARN_CONSTANT_CONVERSION = YES;
				CLANG_WARN_DEPRECATED_OBJC_IMPLEMENTATIONS = YES;
				CLANG_WARN_EMPTY_BODY = YES;
				CLANG_WARN_ENUM_CONVERSION = YES;
				CLANG_WARN_INFINITE_RECURSION = YES;
				CLANG_WARN_INT_CONVERSION = YES;
				CLANG_WARN_NON_LITERAL_NULL_CONVERSION = YES;
				CLANG_WARN_OBJC_IMPLICIT_RETAIN_SELF = YES;
				CLANG_WARN_OBJC_LITERAL_CONVERSION = YES;
				CLANG_WARN_RANGE_LOOP_ANALYSIS = YES;
				CLANG_WARN_STRICT_PROTOTYPES = YES;
				CLANG_WARN_SUSPICIOUS_MOVE = YES;
				CLANG_WARN_UNREACHABLE_CODE = YES;
				CLANG_WARN__DUPLICATE_METHOD_MATCH = YES;
				"CODE_SIGN_IDENTITY[sdk=iphoneos*]" = "iPhone Developer";
				COPY_PHASE_STRIP = NO;
				ENABLE_STRICT_OBJC_MSGSEND = YES;
				ENABLE_TESTABILITY = YES;
				GCC_C_LANGUAGE_STANDARD = gnu99;
				GCC_DYNAMIC_NO_PIC = NO;
				GCC_NO_COMMON_BLOCKS = YES;
				GCC_OPTIMIZATION_LEVEL = 0;
				GCC_PREPROCESSOR_DEFINITIONS = (
					"DEBUG=1",
					"$(inherited)",
				);
				GCC_SYMBOLS_PRIVATE_EXTERN = NO;
				GCC_WARN_64_TO_32_BIT_CONVERSION = YES;
				GCC_WARN_ABOUT_RETURN_TYPE = YES;
				GCC_WARN_UNDECLARED_SELECTOR = YES;
				GCC_WARN_UNINITIALIZED_AUTOS = YES;
				GCC_WARN_UNUSED_FUNCTION = YES;
				GCC_WARN_UNUSED_VARIABLE = YES;
				IPHONEOS_DEPLOYMENT_TARGET = 8.0;
				ONLY_ACTIVE_ARCH = YES;
				SDKROOT = iphoneos;
				TARGETED_DEVICE_FAMILY = "1,2";
			};
			name = Debug;
		};
		B9F9163B15D5806500B3B398 /* Release */ = {
			isa = XCBuildConfiguration;
			buildSettings = {
				ALWAYS_SEARCH_USER_PATHS = NO;
				CLANG_CXX_LANGUAGE_STANDARD = "gnu++0x";
				CLANG_CXX_LIBRARY = "libc++";
				CLANG_WARN_BLOCK_CAPTURE_AUTORELEASING = YES;
				CLANG_WARN_BOOL_CONVERSION = YES;
				CLANG_WARN_COMMA = YES;
				CLANG_WARN_CONSTANT_CONVERSION = YES;
				CLANG_WARN_DEPRECATED_OBJC_IMPLEMENTATIONS = YES;
				CLANG_WARN_EMPTY_BODY = YES;
				CLANG_WARN_ENUM_CONVERSION = YES;
				CLANG_WARN_INFINITE_RECURSION = YES;
				CLANG_WARN_INT_CONVERSION = YES;
				CLANG_WARN_NON_LITERAL_NULL_CONVERSION = YES;
				CLANG_WARN_OBJC_IMPLICIT_RETAIN_SELF = YES;
				CLANG_WARN_OBJC_LITERAL_CONVERSION = YES;
				CLANG_WARN_RANGE_LOOP_ANALYSIS = YES;
				CLANG_WARN_STRICT_PROTOTYPES = YES;
				CLANG_WARN_SUSPICIOUS_MOVE = YES;
				CLANG_WARN_UNREACHABLE_CODE = YES;
				CLANG_WARN__DUPLICATE_METHOD_MATCH = YES;
				"CODE_SIGN_IDENTITY[sdk=iphoneos*]" = "iPhone Developer";
				COPY_PHASE_STRIP = YES;
				ENABLE_STRICT_OBJC_MSGSEND = YES;
				GCC_C_LANGUAGE_STANDARD = gnu99;
				GCC_NO_COMMON_BLOCKS = YES;
				GCC_WARN_64_TO_32_BIT_CONVERSION = YES;
				GCC_WARN_ABOUT_RETURN_TYPE = YES;
				GCC_WARN_UNDECLARED_SELECTOR = YES;
				GCC_WARN_UNINITIALIZED_AUTOS = YES;
				GCC_WARN_UNUSED_FUNCTION = YES;
				GCC_WARN_UNUSED_VARIABLE = YES;
				IPHONEOS_DEPLOYMENT_TARGET = 8.0;
				OTHER_CFLAGS = "-DNS_BLOCK_ASSERTIONS=1";
				SDKROOT = iphoneos;
				TARGETED_DEVICE_FAMILY = "1,2";
				VALIDATE_PRODUCT = YES;
			};
			name = Release;
		};
		B9F9163D15D5806500B3B398 /* Debug */ = {
			isa = XCBuildConfiguration;
			buildSettings = {
				CLANG_ENABLE_OBJC_ARC = YES;
				CLANG_WARN_OBJCPP_ARC_ABI = YES;
				CODE_SIGN_ENTITLEMENTS = "";
				CODE_SIGN_IDENTITY = "iPhone Developer";
				"CODE_SIGN_IDENTITY[sdk=iphoneos*]" = "iPhone Developer";
				ENABLE_BITCODE = NO;
				FRAMEWORK_SEARCH_PATHS = (
					"$(inherited)",
					"$(PROJECT_DIR)",
				);
				GCC_PRECOMPILE_PREFIX_HEADER = YES;
				GCC_PREFIX_HEADER = "BTLE Transfer/MyConfig-Prefix.pch";
				INFOPLIST_FILE = "BTLE Transfer/MyConfig-Info.plist";
				IPHONEOS_DEPLOYMENT_TARGET = 8.0;
				LIBRARY_SEARCH_PATHS = (
					"$(inherited)",
					"$(PROJECT_DIR)/BTLE\\ Transfer/include",
				);
				PRODUCT_BUNDLE_IDENTIFIER = com.realtek.MyCofig;
				PRODUCT_NAME = MyConfig;
				PROVISIONING_PROFILE = "";
				SDKROOT = iphoneos;
				TARGETED_DEVICE_FAMILY = "1,2";
				WRAPPER_EXTENSION = app;
			};
			name = Debug;
		};
		B9F9163E15D5806500B3B398 /* Release */ = {
			isa = XCBuildConfiguration;
			buildSettings = {
				CLANG_ENABLE_OBJC_ARC = YES;
				CLANG_WARN_OBJCPP_ARC_ABI = YES;
				CODE_SIGN_ENTITLEMENTS = "";
				CODE_SIGN_IDENTITY = "iPhone Developer";
				"CODE_SIGN_IDENTITY[sdk=iphoneos*]" = "iPhone Developer";
				ENABLE_BITCODE = NO;
				FRAMEWORK_SEARCH_PATHS = (
					"$(inherited)",
					"$(PROJECT_DIR)",
				);
				GCC_PRECOMPILE_PREFIX_HEADER = YES;
				GCC_PREFIX_HEADER = "BTLE Transfer/MyConfig-Prefix.pch";
				INFOPLIST_FILE = "BTLE Transfer/MyConfig-Info.plist";
				IPHONEOS_DEPLOYMENT_TARGET = 8.0;
				LIBRARY_SEARCH_PATHS = (
					"$(inherited)",
					"$(PROJECT_DIR)/BTLE\\ Transfer/include",
				);
				PRODUCT_BUNDLE_IDENTIFIER = com.realtek.MyCofig;
				PRODUCT_NAME = MyConfig;
				PROVISIONING_PROFILE = "";
				SDKROOT = iphoneos;
				TARGETED_DEVICE_FAMILY = "1,2";
				WRAPPER_EXTENSION = app;
			};
			name = Release;
		};
/* End XCBuildConfiguration section */

/* Begin XCConfigurationList section */
		B9F9160F15D5806400B3B398 /* Build configuration list for PBXProject "MyConfig" */ = {
			isa = XCConfigurationList;
			buildConfigurations = (
				B9F9163A15D5806500B3B398 /* Debug */,
				B9F9163B15D5806500B3B398 /* Release */,
			);
			defaultConfigurationIsVisible = 0;
			defaultConfigurationName = Release;
		};
		B9F9163C15D5806500B3B398 /* Build configuration list for PBXNativeTarget "MyConfig" */ = {
			isa = XCConfigurationList;
			buildConfigurations = (
				B9F9163D15D5806500B3B398 /* Debug */,
				B9F9163E15D5806500B3B398 /* Release */,
			);
			defaultConfigurationIsVisible = 0;
			defaultConfigurationName = Release;
		};
/* End XCConfigurationList section */
	};
	rootObject = B9F9160C15D5806400B3B398 /* Project object */;
}
