<?xml version="1.0" encoding="utf-8"?>
<Project ToolsVersion="12.0" xmlns="http://schemas.microsoft.com/developer/msbuild/2003">
  <ItemGroup>
    <Filter Include="Header Files">
      <UniqueIdentifier>{fa9f8bba-5552-44bc-84a9-5b974a36d121}</UniqueIdentifier>
    </Filter>
    <Filter Include="Source Files">
      <UniqueIdentifier>{16d8f018-2395-43e6-9ca3-4fa39d6f0517}</UniqueIdentifier>
    </Filter>
  </ItemGroup>
  <ItemGroup>
    <ClInclude Include="..\..\external\libpng-1.6.32\png.h">
      <Filter>Header Files</Filter>
    </ClInclude>
    <ClInclude Include="..\..\external\libpng-1.6.32\pngconf.h">
      <Filter>Header Files</Filter>
    </ClInclude>
    <ClInclude Include="..\..\external\libpng-1.6.32\pngdebug.h">
      <Filter>Header Files</Filter>
    </ClInclude>
    <ClInclude Include="..\..\external\libpng-1.6.32\pnginfo.h">
      <Filter>Header Files</Filter>
    </ClInclude>
    <ClInclude Include="..\..\external\libpng-1.6.32\pnglibconf.h">
      <Filter>Header Files</Filter>
    </ClInclude>
    <ClInclude Include="..\..\external\libpng-1.6.32\pngpriv.h">
      <Filter>Header Files</Filter>
    </ClInclude>
    <ClInclude Include="..\..\external\libpng-1.6.32\pngstruct.h">
      <Filter>Header Files</Filter>
    </ClInclude>
  </ItemGroup>
  <ItemGroup>
    <ClCompile Include="..\..\external\libpng-1.6.32\png.c">
      <Filter>Source Files</Filter>
    </ClCompile>
    <ClCompile Include="..\..\external\libpng-1.6.32\pngerror.c">
      <Filter>Source Files</Filter>
    </ClCompile>
    <ClCompile Include="..\..\external\libpng-1.6.32\pngget.c">
      <Filter>Source Files</Filter>
    </ClCompile>
    <ClCompile Include="..\..\external\libpng-1.6.32\pngmem.c">
      <Filter>Source Files</Filter>
    </ClCompile>
    <ClCompile Include="..\..\external\libpng-1.6.32\pngpread.c">
      <Filter>Source Files</Filter>
    </ClCompile>
    <ClCompile Include="..\..\external\libpng-1.6.32\pngread.c">
      <Filter>Source Files</Filter>
    </ClCompile>
    <ClCompile Include="..\..\external\libpng-1.6.32\pngrio.c">
      <Filter>Source Files</Filter>
    </ClCompile>
    <ClCompile Include="..\..\external\libpng-1.6.32\pngrtran.c">
      <Filter>Source Files</Filter>
    </ClCompile>
    <ClCompile Include="..\..\external\libpng-1.6.32\pngrutil.c">
      <Filter>Source Files</Filter>
    </ClCompile>
    <ClCompile Include="..\..\external\libpng-1.6.32\pngset.c">
      <Filter>Source Files</Filter>
    </ClCompile>
    <ClCompile Include="..\..\external\libpng-1.6.32\pngtest.c">
      <Filter>Source Files</Filter>
    </ClCompile>
    <ClCompile Include="..\..\external\libpng-1.6.32\pngtrans.c">
      <Filter>Source Files</Filter>
    </ClCompile>
    <ClCompile Include="..\..\external\libpng-1.6.32\pngwio.c">
      <Filter>Source Files</Filter>
    </ClCompile>
    <ClCompile Include="..\..\external\libpng-1.6.32\pngwrite.c">
      <Filter>Source Files</Filter>
    </ClCompile>
    <ClCompile Include="..\..\external\libpng-1.6.32\pngwtran.c">
      <Filter>Source Files</Filter>
    </ClCompile>
    <ClCompile Include="..\..\external\libpng-1.6.32\pngwutil.c">
      <Filter>Source Files</Filter>
    </ClCompile>
  </ItemGroup>
</Project>
