<?xml version="1.0" encoding="utf-8"?>
<Project ToolsVersion="12.0" xmlns="http://schemas.microsoft.com/developer/msbuild/2003">
  <ItemGroup>
    <Filter Include="Header Files">
      <UniqueIdentifier>{3b46a648-b317-42a4-9426-3cfadbbfe434}</UniqueIdentifier>
    </Filter>
    <Filter Include="Source Files">
      <UniqueIdentifier>{d5831d11-a457-4329-bc64-3d5166b7fee6}</UniqueIdentifier>
    </Filter>
  </ItemGroup>
  <ItemGroup>
    <ClInclude Include="..\..\external\libpng-1.6.32\png.h">
      <Filter>Header Files</Filter>
    </ClInclude>
    <ClInclude Include="..\..\external\libpng-1.6.32\pngconf.h">
      <Filter>Header Files</Filter>
    </ClInclude>
    <ClInclude Include="..\..\external\libpng-1.6.32\pngdebug.h">
      <Filter>Header Files</Filter>
    </ClInclude>
    <ClInclude Include="..\..\external\libpng-1.6.32\pnginfo.h">
      <Filter>Header Files</Filter>
    </ClInclude>
    <ClInclude Include="..\..\external\libpng-1.6.32\pnglibconf.h">
      <Filter>Header Files</Filter>
    </ClInclude>
    <ClInclude Include="..\..\external\libpng-1.6.32\pngpriv.h">
      <Filter>Header Files</Filter>
    </ClInclude>
    <ClInclude Include="..\..\external\libpng-1.6.32\pngstruct.h">
      <Filter>Header Files</Filter>
    </ClInclude>
  </ItemGroup>
  <ItemGroup>
    <ClCompile Include="..\..\external\libpng-1.6.32\png.c">
      <Filter>Source Files</Filter>
    </ClCompile>
    <ClCompile Include="..\..\external\libpng-1.6.32\pngerror.c">
      <Filter>Source Files</Filter>
    </ClCompile>
    <ClCompile Include="..\..\external\libpng-1.6.32\pngget.c">
      <Filter>Source Files</Filter>
    </ClCompile>
    <ClCompile Include="..\..\external\libpng-1.6.32\pngmem.c">
      <Filter>Source Files</Filter>
    </ClCompile>
    <ClCompile Include="..\..\external\libpng-1.6.32\pngpread.c">
      <Filter>Source Files</Filter>
    </ClCompile>
    <ClCompile Include="..\..\external\libpng-1.6.32\pngread.c">
      <Filter>Source Files</Filter>
    </ClCompile>
    <ClCompile Include="..\..\external\libpng-1.6.32\pngrio.c">
      <Filter>Source Files</Filter>
    </ClCompile>
    <ClCompile Include="..\..\external\libpng-1.6.32\pngrtran.c">
      <Filter>Source Files</Filter>
    </ClCompile>
    <ClCompile Include="..\..\external\libpng-1.6.32\pngrutil.c">
      <Filter>Source Files</Filter>
    </ClCompile>
    <ClCompile Include="..\..\external\libpng-1.6.32\pngset.c">
      <Filter>Source Files</Filter>
    </ClCompile>
    <ClCompile Include="..\..\external\libpng-1.6.32\pngtest.c">
      <Filter>Source Files</Filter>
    </ClCompile>
    <ClCompile Include="..\..\external\libpng-1.6.32\pngtrans.c">
      <Filter>Source Files</Filter>
    </ClCompile>
    <ClCompile Include="..\..\external\libpng-1.6.32\pngwio.c">
      <Filter>Source Files</Filter>
    </ClCompile>
    <ClCompile Include="..\..\external\libpng-1.6.32\pngwrite.c">
      <Filter>Source Files</Filter>
    </ClCompile>
    <ClCompile Include="..\..\external\libpng-1.6.32\pngwtran.c">
      <Filter>Source Files</Filter>
    </ClCompile>
    <ClCompile Include="..\..\external\libpng-1.6.32\pngwutil.c">
      <Filter>Source Files</Filter>
    </ClCompile>
  </ItemGroup>
</Project>
