<?xml version="1.0" encoding="utf-8"?>
<Project ToolsVersion="12.0" xmlns="http://schemas.microsoft.com/developer/msbuild/2003">
  <ItemGroup>
    <Filter Include="Source FIles">
      <UniqueIdentifier>{8579cdbc-7d30-4dac-9c02-967af884e3fb}</UniqueIdentifier>
    </Filter>
    <Filter Include="Source FIles\dec">
      <UniqueIdentifier>{c501b2e3-2809-450a-a9a5-70a5a56de933}</UniqueIdentifier>
    </Filter>
    <Filter Include="Source FIles\dsp">
      <UniqueIdentifier>{bd873085-29a5-40f5-82d5-f5dfa1ba31bf}</UniqueIdentifier>
    </Filter>
    <Filter Include="Source FIles\enc">
      <UniqueIdentifier>{66c3b060-40ab-41aa-8654-c547160e01cd}</UniqueIdentifier>
    </Filter>
    <Filter Include="Source FIles\utils">
      <UniqueIdentifier>{a259c1b2-472f-4dbe-9b49-f0aacdb4fa14}</UniqueIdentifier>
    </Filter>
  </ItemGroup>
  <ItemGroup>
    <ClCompile Include="..\..\external\libwebp-0.6.0\src\dec\alpha.c">
      <Filter>Source FIles\dec</Filter>
    </ClCompile>
    <ClCompile Include="..\..\external\libwebp-0.6.0\src\dec\buffer.c">
      <Filter>Source FIles\dec</Filter>
    </ClCompile>
    <ClCompile Include="..\..\external\libwebp-0.6.0\src\dec\frame.c">
      <Filter>Source FIles\dec</Filter>
    </ClCompile>
    <ClCompile Include="..\..\external\libwebp-0.6.0\src\dec\idec.c">
      <Filter>Source FIles\dec</Filter>
    </ClCompile>
    <ClCompile Include="..\..\external\libwebp-0.6.0\src\dec\io.c">
      <Filter>Source FIles\dec</Filter>
    </ClCompile>
    <ClCompile Include="..\..\external\libwebp-0.6.0\src\dec\layer.c">
      <Filter>Source FIles\dec</Filter>
    </ClCompile>
    <ClCompile Include="..\..\external\libwebp-0.6.0\src\dec\quant.c">
      <Filter>Source FIles\dec</Filter>
    </ClCompile>
    <ClCompile Include="..\..\external\libwebp-0.6.0\src\dec\tree.c">
      <Filter>Source FIles\dec</Filter>
    </ClCompile>
    <ClCompile Include="..\..\external\libwebp-0.6.0\src\dec\vp8.c">
      <Filter>Source FIles\dec</Filter>
    </ClCompile>
    <ClCompile Include="..\..\external\libwebp-0.6.0\src\dec\vp8l.c">
      <Filter>Source FIles\dec</Filter>
    </ClCompile>
    <ClCompile Include="..\..\external\libwebp-0.6.0\src\dec\webp.c">
      <Filter>Source FIles\dec</Filter>
    </ClCompile>
    <ClCompile Include="..\..\external\libwebp-0.6.0\src\dsp\cpu.c">
      <Filter>Source FIles\dsp</Filter>
    </ClCompile>
    <ClCompile Include="..\..\external\libwebp-0.6.0\src\dsp\dec.c">
      <Filter>Source FIles\dsp</Filter>
    </ClCompile>
    <ClCompile Include="..\..\external\libwebp-0.6.0\src\dsp\dec_neon.c">
      <Filter>Source FIles\dsp</Filter>
    </ClCompile>
    <ClCompile Include="..\..\external\libwebp-0.6.0\src\dsp\dec_sse2.c">
      <Filter>Source FIles\dsp</Filter>
    </ClCompile>
    <ClCompile Include="..\..\external\libwebp-0.6.0\src\dsp\enc.c">
      <Filter>Source FIles\dsp</Filter>
    </ClCompile>
    <ClCompile Include="..\..\external\libwebp-0.6.0\src\dsp\enc_neon.c">
      <Filter>Source FIles\dsp</Filter>
    </ClCompile>
    <ClCompile Include="..\..\external\libwebp-0.6.0\src\dsp\enc_sse2.c">
      <Filter>Source FIles\dsp</Filter>
    </ClCompile>
    <ClCompile Include="..\..\external\libwebp-0.6.0\src\dsp\lossless.c">
      <Filter>Source FIles\dsp</Filter>
    </ClCompile>
    <ClCompile Include="..\..\external\libwebp-0.6.0\src\dsp\upsampling.c">
      <Filter>Source FIles\dsp</Filter>
    </ClCompile>
    <ClCompile Include="..\..\external\libwebp-0.6.0\src\dsp\upsampling_neon.c">
      <Filter>Source FIles\dsp</Filter>
    </ClCompile>
    <ClCompile Include="..\..\external\libwebp-0.6.0\src\dsp\upsampling_sse2.c">
      <Filter>Source FIles\dsp</Filter>
    </ClCompile>
    <ClCompile Include="..\..\external\libwebp-0.6.0\src\dsp\yuv.c">
      <Filter>Source FIles\dsp</Filter>
    </ClCompile>
    <ClCompile Include="..\..\external\libwebp-0.6.0\src\enc\alpha.c">
      <Filter>Source FIles\enc</Filter>
    </ClCompile>
    <ClCompile Include="..\..\external\libwebp-0.6.0\src\enc\analysis.c">
      <Filter>Source FIles\enc</Filter>
    </ClCompile>
    <ClCompile Include="..\..\external\libwebp-0.6.0\src\enc\backward_references.c">
      <Filter>Source FIles\enc</Filter>
    </ClCompile>
    <ClCompile Include="..\..\external\libwebp-0.6.0\src\enc\config.c">
      <Filter>Source FIles\enc</Filter>
    </ClCompile>
    <ClCompile Include="..\..\external\libwebp-0.6.0\src\enc\cost.c">
      <Filter>Source FIles\enc</Filter>
    </ClCompile>
    <ClCompile Include="..\..\external\libwebp-0.6.0\src\enc\filter.c">
      <Filter>Source FIles\enc</Filter>
    </ClCompile>
    <ClCompile Include="..\..\external\libwebp-0.6.0\src\enc\frame.c">
      <Filter>Source FIles\enc</Filter>
    </ClCompile>
    <ClCompile Include="..\..\external\libwebp-0.6.0\src\enc\histogram.c">
      <Filter>Source FIles\enc</Filter>
    </ClCompile>
    <ClCompile Include="..\..\external\libwebp-0.6.0\src\enc\iterator.c">
      <Filter>Source FIles\enc</Filter>
    </ClCompile>
    <ClCompile Include="..\..\external\libwebp-0.6.0\src\enc\layer.c">
      <Filter>Source FIles\enc</Filter>
    </ClCompile>
    <ClCompile Include="..\..\external\libwebp-0.6.0\src\enc\picture.c">
      <Filter>Source FIles\enc</Filter>
    </ClCompile>
    <ClCompile Include="..\..\external\libwebp-0.6.0\src\enc\quant.c">
      <Filter>Source FIles\enc</Filter>
    </ClCompile>
    <ClCompile Include="..\..\external\libwebp-0.6.0\src\enc\syntax.c">
      <Filter>Source FIles\enc</Filter>
    </ClCompile>
    <ClCompile Include="..\..\external\libwebp-0.6.0\src\enc\token.c">
      <Filter>Source FIles\enc</Filter>
    </ClCompile>
    <ClCompile Include="..\..\external\libwebp-0.6.0\src\enc\tree.c">
      <Filter>Source FIles\enc</Filter>
    </ClCompile>
    <ClCompile Include="..\..\external\libwebp-0.6.0\src\enc\vp8l.c">
      <Filter>Source FIles\enc</Filter>
    </ClCompile>
    <ClCompile Include="..\..\external\libwebp-0.6.0\src\enc\webpenc.c">
      <Filter>Source FIles\enc</Filter>
    </ClCompile>
    <ClCompile Include="..\..\external\libwebp-0.6.0\src\utils\bit_reader.c">
      <Filter>Source FIles\utils</Filter>
    </ClCompile>
    <ClCompile Include="..\..\external\libwebp-0.6.0\src\utils\bit_writer.c">
      <Filter>Source FIles\utils</Filter>
    </ClCompile>
    <ClCompile Include="..\..\external\libwebp-0.6.0\src\utils\color_cache.c">
      <Filter>Source FIles\utils</Filter>
    </ClCompile>
    <ClCompile Include="..\..\external\libwebp-0.6.0\src\utils\filters.c">
      <Filter>Source FIles\utils</Filter>
    </ClCompile>
    <ClCompile Include="..\..\external\libwebp-0.6.0\src\utils\huffman.c">
      <Filter>Source FIles\utils</Filter>
    </ClCompile>
    <ClCompile Include="..\..\external\libwebp-0.6.0\src\utils\huffman_encode.c">
      <Filter>Source FIles\utils</Filter>
    </ClCompile>
    <ClCompile Include="..\..\external\libwebp-0.6.0\src\utils\quant_levels.c">
      <Filter>Source FIles\utils</Filter>
    </ClCompile>
    <ClCompile Include="..\..\external\libwebp-0.6.0\src\utils\quant_levels_dec.c">
      <Filter>Source FIles\utils</Filter>
    </ClCompile>
    <ClCompile Include="..\..\external\libwebp-0.6.0\src\utils\rescaler.c">
      <Filter>Source FIles\utils</Filter>
    </ClCompile>
    <ClCompile Include="..\..\external\libwebp-0.6.0\src\utils\thread.c">
      <Filter>Source FIles\utils</Filter>
    </ClCompile>
    <ClCompile Include="..\..\external\libwebp-0.6.0\src\utils\utils.c">
      <Filter>Source FIles\utils</Filter>
    </ClCompile>
  </ItemGroup>
  <ItemGroup>
    <ClInclude Include="..\..\external\libwebp-0.6.0\src\dec\decode_vp8.h">
      <Filter>Source FIles\dec</Filter>
    </ClInclude>
    <ClInclude Include="..\..\external\libwebp-0.6.0\src\dec\vp8i.h">
      <Filter>Source FIles\dec</Filter>
    </ClInclude>
    <ClInclude Include="..\..\external\libwebp-0.6.0\src\dec\vp8li.h">
      <Filter>Source FIles\dec</Filter>
    </ClInclude>
    <ClInclude Include="..\..\external\libwebp-0.6.0\src\dec\webpi.h">
      <Filter>Source FIles\dec</Filter>
    </ClInclude>
    <ClInclude Include="..\..\external\libwebp-0.6.0\src\dsp\dsp.h">
      <Filter>Source FIles\dsp</Filter>
    </ClInclude>
    <ClInclude Include="..\..\external\libwebp-0.6.0\src\dsp\lossless.h">
      <Filter>Source FIles\dsp</Filter>
    </ClInclude>
    <ClInclude Include="..\..\external\libwebp-0.6.0\src\dsp\yuv.h">
      <Filter>Source FIles\dsp</Filter>
    </ClInclude>
    <ClInclude Include="..\..\external\libwebp-0.6.0\src\enc\backward_references.h">
      <Filter>Source FIles\enc</Filter>
    </ClInclude>
    <ClInclude Include="..\..\external\libwebp-0.6.0\src\enc\cost.h">
      <Filter>Source FIles\enc</Filter>
    </ClInclude>
    <ClInclude Include="..\..\external\libwebp-0.6.0\src\enc\histogram.h">
      <Filter>Source FIles\enc</Filter>
    </ClInclude>
    <ClInclude Include="..\..\external\libwebp-0.6.0\src\enc\vp8enci.h">
      <Filter>Source FIles\enc</Filter>
    </ClInclude>
    <ClInclude Include="..\..\external\libwebp-0.6.0\src\enc\vp8li.h">
      <Filter>Source FIles\enc</Filter>
    </ClInclude>
    <ClInclude Include="..\..\external\libwebp-0.6.0\src\utils\bit_reader.h">
      <Filter>Source FIles\utils</Filter>
    </ClInclude>
    <ClInclude Include="..\..\external\libwebp-0.6.0\src\utils\bit_writer.h">
      <Filter>Source FIles\utils</Filter>
    </ClInclude>
    <ClInclude Include="..\..\external\libwebp-0.6.0\src\utils\color_cache.h">
      <Filter>Source FIles\utils</Filter>
    </ClInclude>
    <ClInclude Include="..\..\external\libwebp-0.6.0\src\utils\filters.h">
      <Filter>Source FIles\utils</Filter>
    </ClInclude>
    <ClInclude Include="..\..\external\libwebp-0.6.0\src\utils\huffman.h">
      <Filter>Source FIles\utils</Filter>
    </ClInclude>
    <ClInclude Include="..\..\external\libwebp-0.6.0\src\utils\huffman_encode.h">
      <Filter>Source FIles\utils</Filter>
    </ClInclude>
    <ClInclude Include="..\..\external\libwebp-0.6.0\src\utils\quant_levels.h">
      <Filter>Source FIles\utils</Filter>
    </ClInclude>
    <ClInclude Include="..\..\external\libwebp-0.6.0\src\utils\quant_levels_dec.h">
      <Filter>Source FIles\utils</Filter>
    </ClInclude>
    <ClInclude Include="..\..\external\libwebp-0.6.0\src\utils\rescaler.h">
      <Filter>Source FIles\utils</Filter>
    </ClInclude>
    <ClInclude Include="..\..\external\libwebp-0.6.0\src\utils\thread.h">
      <Filter>Source FIles\utils</Filter>
    </ClInclude>
    <ClInclude Include="..\..\external\libwebp-0.6.0\src\utils\utils.h">
      <Filter>Source FIles\utils</Filter>
    </ClInclude>
  </ItemGroup>
  <ItemGroup>
    <None Include="..\libwebp.def" />
  </ItemGroup>
</Project>
