
Microsoft Visual Studio Solution File, Format Version 12.00
# Visual Studio 2013
VisualStudioVersion = 12.0.40629.0
MinimumVisualStudioVersion = 10.0.40219.1
Project("{8BC9CEB8-8B4A-11D0-8D11-00A0C91BC942}") = "SDL2_image-WinRT81", "SDL_image-WinRT81.vcxproj", "{29B4D11F-59F3-4EBC-A769-3BABD140DB9A}"
EndProject
Project("{8BC9CEB8-8B4A-11D0-8D11-00A0C91BC942}") = "jpeg-WinRT81", "jpeg-WinRT81.vcxproj", "{2E908AD5-95E9-4B2D-BD6E-BA3EA4C1A2EE}"
EndProject
Project("{8BC9CEB8-8B4A-11D0-8D11-00A0C91BC942}") = "libpng-WinRT81", "libpng-WinRT81.vcxproj", "{5FBDC49A-7939-40F9-B78E-975F190ADBD3}"
EndProject
Project("{8BC9CEB8-8B4A-11D0-8D11-00A0C91BC942}") = "libwebp-WinRT81", "libwebp-WinRT81.vcxproj", "{1EB035A3-815A-4382-90D3-4510AB605AD9}"
EndProject
Project("{8BC9CEB8-8B4A-11D0-8D11-00A0C91BC942}") = "zlib-WinRT81", "zlib-WinRT81.vcxproj", "{ACEA4101-6F4A-44ED-9EC1-289821DAC711}"
EndProject
Global
	GlobalSection(SolutionConfigurationPlatforms) = preSolution
		Debug|ARM = Debug|ARM
		Debug|Win32 = Debug|Win32
		Debug|x64 = Debug|x64
		Release|ARM = Release|ARM
		Release|Win32 = Release|Win32
		Release|x64 = Release|x64
	EndGlobalSection
	GlobalSection(ProjectConfigurationPlatforms) = postSolution
		{29B4D11F-59F3-4EBC-A769-3BABD140DB9A}.Debug|ARM.ActiveCfg = Debug|ARM
		{29B4D11F-59F3-4EBC-A769-3BABD140DB9A}.Debug|ARM.Build.0 = Debug|ARM
		{29B4D11F-59F3-4EBC-A769-3BABD140DB9A}.Debug|Win32.ActiveCfg = Debug|Win32
		{29B4D11F-59F3-4EBC-A769-3BABD140DB9A}.Debug|Win32.Build.0 = Debug|Win32
		{29B4D11F-59F3-4EBC-A769-3BABD140DB9A}.Debug|x64.ActiveCfg = Debug|x64
		{29B4D11F-59F3-4EBC-A769-3BABD140DB9A}.Debug|x64.Build.0 = Debug|x64
		{29B4D11F-59F3-4EBC-A769-3BABD140DB9A}.Release|ARM.ActiveCfg = Release|ARM
		{29B4D11F-59F3-4EBC-A769-3BABD140DB9A}.Release|ARM.Build.0 = Release|ARM
		{29B4D11F-59F3-4EBC-A769-3BABD140DB9A}.Release|Win32.ActiveCfg = Release|Win32
		{29B4D11F-59F3-4EBC-A769-3BABD140DB9A}.Release|Win32.Build.0 = Release|Win32
		{29B4D11F-59F3-4EBC-A769-3BABD140DB9A}.Release|x64.ActiveCfg = Release|x64
		{29B4D11F-59F3-4EBC-A769-3BABD140DB9A}.Release|x64.Build.0 = Release|x64
		{2E908AD5-95E9-4B2D-BD6E-BA3EA4C1A2EE}.Debug|ARM.ActiveCfg = Debug|ARM
		{2E908AD5-95E9-4B2D-BD6E-BA3EA4C1A2EE}.Debug|ARM.Build.0 = Debug|ARM
		{2E908AD5-95E9-4B2D-BD6E-BA3EA4C1A2EE}.Debug|Win32.ActiveCfg = Debug|Win32
		{2E908AD5-95E9-4B2D-BD6E-BA3EA4C1A2EE}.Debug|Win32.Build.0 = Debug|Win32
		{2E908AD5-95E9-4B2D-BD6E-BA3EA4C1A2EE}.Debug|x64.ActiveCfg = Debug|x64
		{2E908AD5-95E9-4B2D-BD6E-BA3EA4C1A2EE}.Debug|x64.Build.0 = Debug|x64
		{2E908AD5-95E9-4B2D-BD6E-BA3EA4C1A2EE}.Release|ARM.ActiveCfg = Release|ARM
		{2E908AD5-95E9-4B2D-BD6E-BA3EA4C1A2EE}.Release|ARM.Build.0 = Release|ARM
		{2E908AD5-95E9-4B2D-BD6E-BA3EA4C1A2EE}.Release|Win32.ActiveCfg = Release|Win32
		{2E908AD5-95E9-4B2D-BD6E-BA3EA4C1A2EE}.Release|Win32.Build.0 = Release|Win32
		{2E908AD5-95E9-4B2D-BD6E-BA3EA4C1A2EE}.Release|x64.ActiveCfg = Release|x64
		{2E908AD5-95E9-4B2D-BD6E-BA3EA4C1A2EE}.Release|x64.Build.0 = Release|x64
		{5FBDC49A-7939-40F9-B78E-975F190ADBD3}.Debug|ARM.ActiveCfg = Debug|ARM
		{5FBDC49A-7939-40F9-B78E-975F190ADBD3}.Debug|ARM.Build.0 = Debug|ARM
		{5FBDC49A-7939-40F9-B78E-975F190ADBD3}.Debug|Win32.ActiveCfg = Debug|Win32
		{5FBDC49A-7939-40F9-B78E-975F190ADBD3}.Debug|Win32.Build.0 = Debug|Win32
		{5FBDC49A-7939-40F9-B78E-975F190ADBD3}.Debug|x64.ActiveCfg = Debug|x64
		{5FBDC49A-7939-40F9-B78E-975F190ADBD3}.Debug|x64.Build.0 = Debug|x64
		{5FBDC49A-7939-40F9-B78E-975F190ADBD3}.Release|ARM.ActiveCfg = Release|ARM
		{5FBDC49A-7939-40F9-B78E-975F190ADBD3}.Release|ARM.Build.0 = Release|ARM
		{5FBDC49A-7939-40F9-B78E-975F190ADBD3}.Release|Win32.ActiveCfg = Release|Win32
		{5FBDC49A-7939-40F9-B78E-975F190ADBD3}.Release|Win32.Build.0 = Release|Win32
		{5FBDC49A-7939-40F9-B78E-975F190ADBD3}.Release|x64.ActiveCfg = Release|x64
		{5FBDC49A-7939-40F9-B78E-975F190ADBD3}.Release|x64.Build.0 = Release|x64
		{1EB035A3-815A-4382-90D3-4510AB605AD9}.Debug|ARM.ActiveCfg = Debug|ARM
		{1EB035A3-815A-4382-90D3-4510AB605AD9}.Debug|ARM.Build.0 = Debug|ARM
		{1EB035A3-815A-4382-90D3-4510AB605AD9}.Debug|Win32.ActiveCfg = Debug|Win32
		{1EB035A3-815A-4382-90D3-4510AB605AD9}.Debug|Win32.Build.0 = Debug|Win32
		{1EB035A3-815A-4382-90D3-4510AB605AD9}.Debug|x64.ActiveCfg = Debug|x64
		{1EB035A3-815A-4382-90D3-4510AB605AD9}.Debug|x64.Build.0 = Debug|x64
		{1EB035A3-815A-4382-90D3-4510AB605AD9}.Release|ARM.ActiveCfg = Release|ARM
		{1EB035A3-815A-4382-90D3-4510AB605AD9}.Release|ARM.Build.0 = Release|ARM
		{1EB035A3-815A-4382-90D3-4510AB605AD9}.Release|Win32.ActiveCfg = Release|Win32
		{1EB035A3-815A-4382-90D3-4510AB605AD9}.Release|Win32.Build.0 = Release|Win32
		{1EB035A3-815A-4382-90D3-4510AB605AD9}.Release|x64.ActiveCfg = Release|x64
		{1EB035A3-815A-4382-90D3-4510AB605AD9}.Release|x64.Build.0 = Release|x64
		{ACEA4101-6F4A-44ED-9EC1-289821DAC711}.Debug|ARM.ActiveCfg = Debug|ARM
		{ACEA4101-6F4A-44ED-9EC1-289821DAC711}.Debug|ARM.Build.0 = Debug|ARM
		{ACEA4101-6F4A-44ED-9EC1-289821DAC711}.Debug|Win32.ActiveCfg = Debug|Win32
		{ACEA4101-6F4A-44ED-9EC1-289821DAC711}.Debug|Win32.Build.0 = Debug|Win32
		{ACEA4101-6F4A-44ED-9EC1-289821DAC711}.Debug|x64.ActiveCfg = Debug|x64
		{ACEA4101-6F4A-44ED-9EC1-289821DAC711}.Debug|x64.Build.0 = Debug|x64
		{ACEA4101-6F4A-44ED-9EC1-289821DAC711}.Release|ARM.ActiveCfg = Release|ARM
		{ACEA4101-6F4A-44ED-9EC1-289821DAC711}.Release|ARM.Build.0 = Release|ARM
		{ACEA4101-6F4A-44ED-9EC1-289821DAC711}.Release|Win32.ActiveCfg = Release|Win32
		{ACEA4101-6F4A-44ED-9EC1-289821DAC711}.Release|Win32.Build.0 = Release|Win32
		{ACEA4101-6F4A-44ED-9EC1-289821DAC711}.Release|x64.ActiveCfg = Release|x64
		{ACEA4101-6F4A-44ED-9EC1-289821DAC711}.Release|x64.Build.0 = Release|x64
	EndGlobalSection
	GlobalSection(SolutionProperties) = preSolution
		HideSolutionNode = FALSE
	EndGlobalSection
EndGlobal
