<?xml version="1.0" encoding="UTF-8"?><plist><dict><key>archiveVersion</key><string>1</string><key>classes</key><dict/><key>objectVersion</key><string>42</string><key>objects</key><dict><key>000000000000000000000000</key><dict><key>isa</key><string>PBXFileReference</string><key>name</key><string>auxinfo.c</string><key>path</key><string>../../../MVs_new/LibrariesSrc/OS/mach/auxinfo.c</string><key>sourceTree</key><string>SOURCE_ROOT</string></dict><key>000000000000000000000001</key><dict><key>isa</key><string>PBXFileReference</string><key>name</key><string>init.c</string><key>path</key><string>../../../MVs_new/LibrariesSrc/OS/init/init.c</string><key>sourceTree</key><string>SOURCE_ROOT</string></dict><key>000000000000000000000002</key><dict><key>isa</key><string>PBXFileReference</string><key>name</key><string>libnosys_api.c</string><key>path</key><string>../../../MVs_new/LibrariesSrc/OS/lib/libnosys_api.c</string><key>sourceTree</key><string>SOURCE_ROOT</string></dict><key>000000000000000000000003</key><dict><key>isa</key><string>PBXFileReference</string><key>name</key><string>list.c</string><key>path</key><string>../../../MVs_new/LibrariesSrc/OS/kernel/list.c</string><key>sourceTree</key><string>SOURCE_ROOT</string></dict><key>000000000000000000000004</key><dict><key>isa</key><string>PBXFileReference</string><key>name</key><string>locks.c</string><key>path</key><string>../../../MVs_new/LibrariesSrc/OS/kernel/locks.c</string><key>sourceTree</key><string>SOURCE_ROOT</string></dict><key>000000000000000000000005</key><dict><key>isa</key><string>PBXFileReference</string><key>name</key><string>mach.c</string><key>path</key><string>../../../MVs_new/LibrariesSrc/OS/mach/mv-O18/mach.c</string><key>sourceTree</key><string>SOURCE_ROOT</string></dict><key>000000000000000000000006</key><dict><key>isa</key><string>PBXFileReference</string><key>name</key><string>mmm.c</string><key>path</key><string>../../../MVs_new/LibrariesSrc/OS/mm/mmm.c</string><key>sourceTree</key><string>SOURCE_ROOT</string></dict><key>000000000000000000000007</key><dict><key>isa</key><string>PBXFileReference</string><key>name</key><string>msgq.c</string><key>path</key><string>../../../MVs_new/LibrariesSrc/OS/kernel/msgq.c</string><key>sourceTree</key><string>SOURCE_ROOT</string></dict><key>000000000000000000000008</key><dict><key>isa</key><string>PBXFileReference</string><key>name</key><string>print.c</string><key>path</key><string>../../../MVs_new/LibrariesSrc/OS/lib/print.c</string><key>sourceTree</key><string>SOURCE_ROOT</string></dict><key>000000000000000000000009</key><dict><key>isa</key><string>PBXFileReference</string><key>name</key><string>semaphore.c</string><key>path</key><string>../../../MVs_new/LibrariesSrc/OS/kernel/semaphore.c</string><key>sourceTree</key><string>SOURCE_ROOT</string></dict><key>00000000000000000000000a</key><dict><key>isa</key><string>PBXFileReference</string><key>name</key><string>setup.c</string><key>path</key><string>../../../MVs_new/LibrariesSrc/OS/mach/setup.c</string><key>sourceTree</key><string>SOURCE_ROOT</string></dict><key>00000000000000000000000b</key><dict><key>isa</key><string>PBXFileReference</string><key>name</key><string>shell.c</string><key>path</key><string>../../../MVs_new/LibrariesSrc/OS/lib/shell.c</string><key>sourceTree</key><string>SOURCE_ROOT</string></dict><key>00000000000000000000000c</key><dict><key>isa</key><string>PBXFileReference</string><key>name</key><string>tasks.c</string><key>path</key><string>../../../MVs_new/LibrariesSrc/OS/kernel/tasks.c</string><key>sourceTree</key><string>SOURCE_ROOT</string></dict><key>00000000000000000000000d</key><dict><key>isa</key><string>PBXFileReference</string><key>name</key><string>timers.c</string><key>path</key><string>../../../MVs_new/LibrariesSrc/OS/kernel/timers.c</string><key>sourceTree</key><string>SOURCE_ROOT</string></dict><key>00000000000000000000000e</key><dict><key>children</key><array><string>000000000000000000000000</string><string>000000000000000000000001</string><string>000000000000000000000002</string><string>000000000000000000000003</string><string>000000000000000000000004</string><string>000000000000000000000005</string><string>000000000000000000000006</string><string>000000000000000000000007</string><string>000000000000000000000008</string><string>000000000000000000000009</string><string>00000000000000000000000a</string><string>00000000000000000000000b</string><string>00000000000000000000000c</string><string>00000000000000000000000d</string></array><key>isa</key><string>PBXGroup</string><key>name</key><string>Source</string><key>sourceTree</key><string>&lt;source&gt;</string></dict><key>00000000000000000000000f</key><dict><key>explicitFileType</key><string>archive.ar</string><key>includeInIndex</key><string>0</string><key>isa</key><string>PBXFileReference</string><key>name</key><string>libos.a</string><key>path</key><string>libos.a</string><key>sourceTree</key><string>BUILD_PRODUCTS_DIR</string></dict><key>000000000000000000000010</key><dict><key>children</key><array><string>00000000000000000000000f</string></array><key>isa</key><string>PBXGroup</string><key>name</key><string>Products</string><key>sourceTree</key><string>&lt;source&gt;</string></dict><key>000000000000000000000011</key><dict><key>children</key><array/><key>isa</key><string>PBXGroup</string><key>name</key><string>Documentation</string><key>sourceTree</key><string>&lt;source&gt;</string></dict><key>000000000000000000000012</key><dict><key>children</key><array><string>00000000000000000000000e</string><string>000000000000000000000011</string><string>000000000000000000000010</string></array><key>isa</key><string>PBXGroup</string><key>name</key><string>os.elf</string><key>sourceTree</key><string>&lt;source&gt;</string></dict><key>000000000000000000000013</key><dict><key>buildSettings</key><dict><key>GCC_PREPROCESSOR_DEFINITIONS</key><array><string>M3</string><string>$(inherited)</string></array><key>GCC_WARN_ABOUT_RETURN_TYPE</key><string>YES</string><key>GCC_WARN_UNUSED_VARIABLE</key><string>YES</string><key>HEADER_SEARCH_PATHS</key><array><string>../../../MVs_new/MVs18_SDK/Libraries/audio/inc</string><string>../../../MVs_new/MVs18_SDK/Libraries</string><string>../../../MVs_new/LibrariesSrc/OS/include/freertos</string><string>../../../MVs_new/MVs18_SDK/Libraries/os/inc</string><string>../../../MVs_new/LibrariesSrc/OS/include</string><string>../../../../../../mdk/arm/cmsis/include</string><string>../../../MVs_new/LibrariesSrc/Driver/inc</string><string>..</string><string>../../../MVs_new/LibrariesSrc</string><string>../../../MVs_new/LibrariesSrc/OS</string><string>../../../MVs_new/LibrariesSrc/OS/include/arch</string><string>../../../MVs_new/MVs18_SDK/Libraries/fs/inc</string><string>../../../MVs_new/MVs18_SDK/Libraries/os</string><string>D:/MDK/ARM/CMSIS/Include</string><string>../../../MVs_new/MVs18_SDK/Libraries/driver/inc</string><string>${inherited)</string></array><key>LIBRARY_SEARCH_PATHS</key><array/><key>OTHER_LDFLAGS</key><array/><key>PREBINDING</key><string>NO</string><key>SDKROOT</key><string>/Developer/SDKs/MacOSX10.4u.sdk</string></dict><key>isa</key><string>XCBuildConfiguration</string><key>name</key><string>Debug</string></dict><key>000000000000000000000014</key><dict><key>buildSettings</key><dict><key>GCC_PREPROCESSOR_DEFINITIONS</key><array><string>M3</string><string>$(inherited)</string></array><key>GCC_WARN_ABOUT_RETURN_TYPE</key><string>YES</string><key>GCC_WARN_UNUSED_VARIABLE</key><string>YES</string><key>HEADER_SEARCH_PATHS</key><array><string>../../../MVs_new/MVs18_SDK/Libraries/audio/inc</string><string>../../../MVs_new/MVs18_SDK/Libraries</string><string>../../../MVs_new/LibrariesSrc/OS/include/freertos</string><string>../../../MVs_new/MVs18_SDK/Libraries/os/inc</string><string>../../../MVs_new/LibrariesSrc/OS/include</string><string>../../../../../../mdk/arm/cmsis/include</string><string>../../../MVs_new/LibrariesSrc/Driver/inc</string><string>..</string><string>../../../MVs_new/LibrariesSrc</string><string>../../../MVs_new/LibrariesSrc/OS</string><string>../../../MVs_new/LibrariesSrc/OS/include/arch</string><string>../../../MVs_new/MVs18_SDK/Libraries/fs/inc</string><string>../../../MVs_new/MVs18_SDK/Libraries/os</string><string>D:/MDK/ARM/CMSIS/Include</string><string>../../../MVs_new/MVs18_SDK/Libraries/driver/inc</string><string>${inherited)</string></array><key>LIBRARY_SEARCH_PATHS</key><array/><key>OTHER_LDFLAGS</key><array/><key>PREBINDING</key><string>NO</string><key>SDKROOT</key><string>/Developer/SDKs/MacOSX10.4u.sdk</string></dict><key>isa</key><string>XCBuildConfiguration</string><key>name</key><string>Release</string></dict><key>000000000000000000000015</key><dict><key>buildConfigurations</key><array><string>000000000000000000000013</string><string>000000000000000000000014</string></array><key>defaultConfigurationIsVisible</key><string>0</string><key>defaultConfigurationName</key><string>Debug</string><key>isa</key><string>XCConfigurationList</string></dict><key>000000000000000000000016</key><dict><key>buildConfigurationList</key><string>000000000000000000000015</string><key>hasScannedForEncodings</key><string>0</string><key>isa</key><string>PBXProject</string><key>mainGroup</key><string>000000000000000000000012</string><key>projectDirPath</key><string/><key>projectRoot</key><string>D:/coocox/CoIDE/configuration/ProgramData/os</string><key>targets</key><array><string>00000000000000000000002b</string></array></dict><key>000000000000000000000017</key><dict><key>buildSettings</key><dict><key>COPY_PHASE_STRIP</key><string>NO</string><key>GCC_DYNAMIC_NO_PIC</key><string>NO</string><key>GCC_ENABLE_FIX_AND_CONTINUE</key><string>YES</string><key>GCC_MODEL_TUNING</key><string>G5</string><key>GCC_OPTIMIZATION_LEVEL</key><string>0</string><key>INSTALL_PATH</key><string>$(HOME)/bin</string><key>PRODUCT_NAME</key><string>os.elf</string><key>ZERO_LINK</key><string>YES</string></dict><key>isa</key><string>XCBuildConfiguration</string><key>name</key><string>Debug</string></dict><key>000000000000000000000018</key><dict><key>buildSettings</key><dict><key>ARCHS</key><array><string>ppc</string><string>i386</string></array><key>GCC_GENERATE_DEBUGGING_SYMBOLS</key><string>NO</string><key>GCC_MODEL_TUNING</key><string>G5</string><key>INSTALL_PATH</key><string>$(HOME)/bin</string><key>PRODUCT_NAME</key><string>os.elf</string></dict><key>isa</key><string>XCBuildConfiguration</string><key>name</key><string>Release</string></dict><key>000000000000000000000019</key><dict><key>buildConfigurations</key><array><string>000000000000000000000017</string><string>000000000000000000000018</string></array><key>isa</key><string>XCConfigurationList</string></dict><key>00000000000000000000001a</key><dict><key>fileRef</key><string>000000000000000000000000</string><key>isa</key><string>PBXBuildFile</string><key>settings</key><dict><key>ATTRIBUTES</key><array/></dict></dict><key>00000000000000000000001b</key><dict><key>fileRef</key><string>000000000000000000000001</string><key>isa</key><string>PBXBuildFile</string><key>settings</key><dict><key>ATTRIBUTES</key><array/></dict></dict><key>00000000000000000000001c</key><dict><key>fileRef</key><string>000000000000000000000002</string><key>isa</key><string>PBXBuildFile</string><key>settings</key><dict><key>ATTRIBUTES</key><array/></dict></dict><key>00000000000000000000001d</key><dict><key>fileRef</key><string>000000000000000000000003</string><key>isa</key><string>PBXBuildFile</string><key>settings</key><dict><key>ATTRIBUTES</key><array/></dict></dict><key>00000000000000000000001e</key><dict><key>fileRef</key><string>000000000000000000000004</string><key>isa</key><string>PBXBuildFile</string><key>settings</key><dict><key>ATTRIBUTES</key><array/></dict></dict><key>00000000000000000000001f</key><dict><key>fileRef</key><string>000000000000000000000005</string><key>isa</key><string>PBXBuildFile</string><key>settings</key><dict><key>ATTRIBUTES</key><array/></dict></dict><key>000000000000000000000020</key><dict><key>fileRef</key><string>000000000000000000000006</string><key>isa</key><string>PBXBuildFile</string><key>settings</key><dict><key>ATTRIBUTES</key><array/></dict></dict><key>000000000000000000000021</key><dict><key>fileRef</key><string>000000000000000000000007</string><key>isa</key><string>PBXBuildFile</string><key>settings</key><dict><key>ATTRIBUTES</key><array/></dict></dict><key>000000000000000000000022</key><dict><key>fileRef</key><string>000000000000000000000008</string><key>isa</key><string>PBXBuildFile</string><key>settings</key><dict><key>ATTRIBUTES</key><array/></dict></dict><key>000000000000000000000023</key><dict><key>fileRef</key><string>000000000000000000000009</string><key>isa</key><string>PBXBuildFile</string><key>settings</key><dict><key>ATTRIBUTES</key><array/></dict></dict><key>000000000000000000000024</key><dict><key>fileRef</key><string>00000000000000000000000a</string><key>isa</key><string>PBXBuildFile</string><key>settings</key><dict><key>ATTRIBUTES</key><array/></dict></dict><key>000000000000000000000025</key><dict><key>fileRef</key><string>00000000000000000000000b</string><key>isa</key><string>PBXBuildFile</string><key>settings</key><dict><key>ATTRIBUTES</key><array/></dict></dict><key>000000000000000000000026</key><dict><key>fileRef</key><string>00000000000000000000000c</string><key>isa</key><string>PBXBuildFile</string><key>settings</key><dict><key>ATTRIBUTES</key><array/></dict></dict><key>000000000000000000000027</key><dict><key>fileRef</key><string>00000000000000000000000d</string><key>isa</key><string>PBXBuildFile</string><key>settings</key><dict><key>ATTRIBUTES</key><array/></dict></dict><key>000000000000000000000028</key><dict><key>buildActionMask</key><string>2147483647</string><key>files</key><array><string>00000000000000000000001a</string><string>00000000000000000000001b</string><string>00000000000000000000001c</string><string>00000000000000000000001d</string><string>00000000000000000000001e</string><string>00000000000000000000001f</string><string>000000000000000000000020</string><string>000000000000000000000021</string><string>000000000000000000000022</string><string>000000000000000000000023</string><string>000000000000000000000024</string><string>000000000000000000000025</string><string>000000000000000000000026</string><string>000000000000000000000027</string></array><key>isa</key><string>PBXSourcesBuildPhase</string><key>runOnlyForDeploymentPostprocessing</key><string>0</string></dict><key>000000000000000000000029</key><dict><key>buildActionMask</key><string>8</string><key>files</key><array/><key>isa</key><string>PBXFrameworksBuildPhase</string><key>runOnlyForDeploymentPostprocessing</key><string>0</string></dict><key>00000000000000000000002a</key><dict><key>buildActionMask</key><string>8</string><key>dstPath</key><string>/usr/share/man/man1</string><key>dstSubfolderSpec</key><string>0</string><key>files</key><array/><key>isa</key><string>PBXCopyFilesBuildPhase</string><key>runOnlyForDeploymentPostprocessing</key><string>1</string></dict><key>00000000000000000000002b</key><dict><key>buildConfigurationList</key><string>000000000000000000000019</string><key>buildPhases</key><array><string>000000000000000000000028</string><string>000000000000000000000029</string><string>00000000000000000000002a</string></array><key>buildRules</key><array/><key>dependencies</key><array/><key>isa</key><string>PBXNativeTarget</string><key>name</key><string>os.elf</string><key>productInstallPath</key><string>$(HOME)/bin</string><key>productName</key><string>os.elf</string><key>productReference</key><string>00000000000000000000000f</string><key>productType</key><string>com.apple.product-type.library.static</string></dict></dict><key>rootObject</key><string>000000000000000000000016</string></dict></plist>